// !$*UTF8*$!
{
	archiveVersion = 1;
	classes = {
	};
	objectVersion = 46;
	objects = {

/* Begin PBXBuildFile section */
		FEC4556F1D9D3E73001834B4 /* main.m in Sources */ = {isa = PBXBuildFile; fileRef = FEC4556E1D9D3E73001834B4 /* main.m */; };
		FEC455721D9D3E73001834B4 /* AppDelegate.m in Sources */ = {isa = PBXBuildFile; fileRef = FEC455711D9D3E73001834B4 /* AppDelegate.m */; };
		FEC455751D9D3E73001834B4 /* ViewController.m in Sources */ = {isa = PBXBuildFile; fileRef = FEC455741D9D3E73001834B4 /* ViewController.m */; };
		FEC455781D9D3E73001834B4 /* Main.storyboard in Resources */ = {isa = PBXBuildFile; fileRef = FEC455761D9D3E73001834B4 /* Main.storyboard */; };
		FEC4557A1D9D3E73001834B4 /* Assets.xcassets in Resources */ = {isa = PBXBuildFile; fileRef = FEC455791D9D3E73001834B4 /* Assets.xcassets */; };
		FEC4557D1D9D3E73001834B4 /* LaunchScreen.storyboard in Resources */ = {isa = PBXBuildFile; fileRef = FEC4557B1D9D3E73001834B4 /* LaunchScreen.storyboard */; };
		FEC455861D9D3EE7001834B4 /* Person.m in Sources */ = {isa = PBXBuildFile; fileRef = FEC455851D9D3EE7001834B4 /* Person.m */; };
/* End PBXBuildFile section */

/* Begin PBXFileReference section */
		FEC4556A1D9D3E73001834B4 /* WeChat.app */ = {isa = PBXFileReference; explicitFileType = wrapper.application; includeInIndex = 0; path = WeChat.app; sourceTree = BUILT_PRODUCTS_DIR; };
		FEC4556E1D9D3E73001834B4 /* main.m */ = {isa = PBXFileReference; lastKnownFileType = sourcecode.c.objc; path = main.m; sourceTree = "<group>"; };
		FEC455701D9D3E73001834B4 /* AppDelegate.h */ = {isa = PBXFileReference; lastKnownFileType = sourcecode.c.h; path = AppDelegate.h; sourceTree = "<group>"; };
		FEC455711D9D3E73001834B4 /* AppDelegate.m */ = {isa = PBXFileReference; lastKnownFileType = sourcecode.c.objc; path = AppDelegate.m; sourceTree = "<group>"; };
		FEC455731D9D3E73001834B4 /* ViewController.h */ = {isa = PBXFileReference; lastKnownFileType = sourcecode.c.h; path = ViewController.h; sourceTree = "<group>"; };
		FEC455741D9D3E73001834B4 /* ViewController.m */ = {isa = PBXFileReference; lastKnownFileType = sourcecode.c.objc; path = ViewController.m; sourceTree = "<group>"; };
		FEC455771D9D3E73001834B4 /* Base */ = {isa = PBXFileReference; lastKnownFileType = file.storyboard; name = Base; path = Base.lproj/Main.storyboard; sourceTree = "<group>"; };
		FEC455791D9D3E73001834B4 /* Assets.xcassets */ = {isa = PBXFileReference; lastKnownFileType = folder.assetcatalog; path = Assets.xcassets; sourceTree = "<group>"; };
		FEC4557C1D9D3E73001834B4 /* Base */ = {isa = PBXFileReference; lastKnownFileType = file.storyboard; name = Base; path = Base.lproj/LaunchScreen.storyboard; sourceTree = "<group>"; };
		FEC4557E1D9D3E73001834B4 /* Info.plist */ = {isa = PBXFileReference; lastKnownFileType = text.plist.xml; path = Info.plist; sourceTree = "<group>"; };
		FEC455841D9D3EE7001834B4 /* Person.h */ = {isa = PBXFileReference; fileEncoding = 4; lastKnownFileType = sourcecode.c.h; path = Person.h; sourceTree = "<group>"; };
		FEC455851D9D3EE7001834B4 /* Person.m */ = {isa = PBXFileReference; fileEncoding = 4; lastKnownFileType = sourcecode.c.objc; path = Person.m; sourceTree = "<group>"; };
/* End PBXFileReference section */

/* Begin PBXFrameworksBuildPhase section */
		FEC455671D9D3E73001834B4 /* Frameworks */ = {
			isa = PBXFrameworksBuildPhase;
			buildActionMask = 2147483647;
			files = (
			);
			runOnlyForDeploymentPostprocessing = 0;
		};
/* End PBXFrameworksBuildPhase section */

/* Begin PBXGroup section */
		FEC455611D9D3E73001834B4 = {
			isa = PBXGroup;
			children = (
				FEC4556C1D9D3E73001834B4 /* WeChat */,
				FEC4556B1D9D3E73001834B4 /* Products */,
			);
			sourceTree = "<group>";
		};
		FEC4556B1D9D3E73001834B4 /* Products */ = {
			isa = PBXGroup;
			children = (
				FEC4556A1D9D3E73001834B4 /* WeChat.app */,
			);
			name = Products;
			sourceTree = "<group>";
		};
		FEC4556C1D9D3E73001834B4 /* WeChat */ = {
			isa = PBXGroup;
			children = (
				FEC455701D9D3E73001834B4 /* AppDelegate.h */,
				FEC455711D9D3E73001834B4 /* AppDelegate.m */,
				FEC455731D9D3E73001834B4 /* ViewController.h */,
				FEC455741D9D3E73001834B4 /* ViewController.m */,
				FEC455761D9D3E73001834B4 /* Main.storyboard */,
				FEC455791D9D3E73001834B4 /* Assets.xcassets */,
				FEC4557B1D9D3E73001834B4 /* LaunchScreen.storyboard */,
				FEC4557E1D9D3E73001834B4 /* Info.plist */,
				FEC4556D1D9D3E73001834B4 /* Supporting Files */,
				FEC455841D9D3EE7001834B4 /* Person.h */,
				FEC455851D9D3EE7001834B4 /* Person.m */,
			);
			path = WeChat;
			sourceTree = "<group>";
		};
		FEC4556D1D9D3E73001834B4 /* Supporting Files */ = {
			isa = PBXGroup;
			children = (
				FEC4556E1D9D3E73001834B4 /* main.m */,
			);
			name = "Supporting Files";
			sourceTree = "<group>";
		};
/* End PBXGroup section */

/* Begin PBXNativeTarget section */
		FEC455691D9D3E73001834B4 /* WeChat */ = {
			isa = PBXNativeTarget;
			buildConfigurationList = FEC455811D9D3E73001834B4 /* Build configuration list for PBXNativeTarget "WeChat" */;
			buildPhases = (
				FEC455661D9D3E73001834B4 /* Sources */,
				FEC455671D9D3E73001834B4 /* Frameworks */,
				FEC455681D9D3E73001834B4 /* Resources */,
			);
			buildRules = (
			);
			dependencies = (
			);
			name = WeChat;
			productName = WeChat;
			productReference = FEC4556A1D9D3E73001834B4 /* WeChat.app */;
			productType = "com.apple.product-type.application";
		};
/* End PBXNativeTarget section */

/* Begin PBXProject section */
		FEC455621D9D3E73001834B4 /* Project object */ = {
			isa = PBXProject;
			attributes = {
				LastUpgradeCheck = 0800;
				ORGANIZATIONNAME = liyuzhe;
				TargetAttributes = {
					FEC455691D9D3E73001834B4 = {
						CreatedOnToolsVersion = 8.0;
						ProvisioningStyle = Automatic;
					};
				};
			};
			buildConfigurationList = FEC455651D9D3E73001834B4 /* Build configuration list for PBXProject "WeChat" */;
			compatibilityVersion = "Xcode 3.2";
			developmentRegion = English;
			hasScannedForEncodings = 0;
			knownRegions = (
				en,
				Base,
			);
			mainGroup = FEC455611D9D3E73001834B4;
			productRefGroup = FEC4556B1D9D3E73001834B4 /* Products */;
			projectDirPath = "";
			projectRoot = "";
			targets = (
				FEC455691D9D3E73001834B4 /* WeChat */,
			);
		};
/* End PBXProject section */

/* Begin PBXResourcesBuildPhase section */
		FEC455681D9D3E73001834B4 /* Resources */ = {
			isa = PBXResourcesBuildPhase;
			buildActionMask = 2147483647;
			files = (
				FEC4557D1D9D3E73001834B4 /* LaunchScreen.storyboard in Resources */,
				FEC4557A1D9D3E73001834B4 /* Assets.xcassets in Resources */,
				FEC455781D9D3E73001834B4 /* Main.storyboard in Resources */,
			);
			runOnlyForDeploymentPostprocessing = 0;
		};
/* End PBXResourcesBuildPhase section */

/* Begin PBXSourcesBuildPhase section */
		FEC455661D9D3E73001834B4 /* Sources */ = {
			isa = PBXSourcesBuildPhase;
			buildActionMask = 2147483647;
			files = (
				FEC455751D9D3E73001834B4 /* ViewController.m in Sources */,
				FEC455721D9D3E73001834B4 /* AppDelegate.m in Sources */,
				FEC455861D9D3EE7001834B4 /* Person.m in Sources */,
				FEC4556F1D9D3E73001834B4 /* main.m in Sources */,
			);
			runOnlyForDeploymentPostprocessing = 0;
		};
/* End PBXSourcesBuildPhase section */

/* Begin PBXVariantGroup section */
		FEC455761D9D3E73001834B4 /* Main.storyboard */ = {
			isa = PBXVariantGroup;
			children = (
				FEC455771D9D3E73001834B4 /* Base */,
			);
			name = Main.storyboard;
			sourceTree = "<group>";
		};
		FEC4557B1D9D3E73001834B4 /* LaunchScreen.storyboard */ = {
			isa = PBXVariantGroup;
			children = (
				FEC4557C1D9D3E73001834B4 /* Base */,
			);
			name = LaunchScreen.storyboard;
			sourceTree = "<group>";
		};
/* End PBXVariantGroup section */

/* Begin XCBuildConfiguration section */
		FEC4557F1D9D3E73001834B4 /* Debug */ = {
			isa = XCBuildConfiguration;
			buildSettings = {
				ALWAYS_SEARCH_USER_PATHS = NO;
				CLANG_ANALYZER_NONNULL = YES;
				CLANG_CXX_LANGUAGE_STANDARD = "gnu++0x";
				CLANG_CXX_LIBRARY = "libc++";
				CLANG_ENABLE_MODULES = YES;
				CLANG_ENABLE_OBJC_ARC = YES;
				CLANG_WARN_BOOL_CONVERSION = YES;
				CLANG_WARN_CONSTANT_CONVERSION = YES;
				CLANG_WARN_DIRECT_OBJC_ISA_USAGE = YES_ERROR;
				CLANG_WARN_DOCUMENTATION_COMMENTS = YES;
				CLANG_WARN_EMPTY_BODY = YES;
				CLANG_WARN_ENUM_CONVERSION = YES;
				CLANG_WARN_INFINITE_RECURSION = YES;
				CLANG_WARN_INT_CONVERSION = YES;
				CLANG_WARN_OBJC_ROOT_CLASS = YES_ERROR;
				CLANG_WARN_SUSPICIOUS_MOVES = YES;
				CLANG_WARN_UNREACHABLE_CODE = YES;
				CLANG_WARN__DUPLICATE_METHOD_MATCH = YES;
				"CODE_SIGN_IDENTITY[sdk=iphoneos*]" = "iPhone Developer";
				COPY_PHASE_STRIP = NO;
				DEBUG_INFORMATION_FORMAT = dwarf;
				ENABLE_STRICT_OBJC_MSGSEND = YES;
				ENABLE_TESTABILITY = YES;
				GCC_C_LANGUAGE_STANDARD = gnu99;
				GCC_DYNAMIC_NO_PIC = NO;
				GCC_NO_COMMON_BLOCKS = YES;
				GCC_OPTIMIZATION_LEVEL = 0;
				GCC_PREPROCESSOR_DEFINITIONS = (
					"DEBUG=1",
					"$(inherited)",
				);
				GCC_WARN_64_TO_32_BIT_CONVERSION = YES;
				GCC_WARN_ABOUT_RETURN_TYPE = YES_ERROR;
				GCC_WARN_UNDECLARED_SELECTOR = YES;
				GCC_WARN_UNINITIALIZED_AUTOS = YES_AGGRESSIVE;
				GCC_WARN_UNUSED_FUNCTION = YES;
				GCC_WARN_UNUSED_VARIABLE = YES;
				IPHONEOS_DEPLOYMENT_TARGET = 10.0;
				MTL_ENABLE_DEBUG_INFO = YES;
				ONLY_ACTIVE_ARCH = YES;
				SDKROOT = iphoneos;
				TARGETED_DEVICE_FAMILY = "1,2";
			};
			name = Debug;
		};
		FEC455801D9D3E73001834B4 /* Release */ = {
			isa = XCBuildConfiguration;
			buildSettings = {
				ALWAYS_SEARCH_USER_PATHS = NO;
				CLANG_ANALYZER_NONNULL = YES;
				CLANG_CXX_LANGUAGE_STANDARD = "gnu++0x";
				CLANG_CXX_LIBRARY = "libc++";
				CLANG_ENABLE_MODULES = YES;
				CLANG_ENABLE_OBJC_ARC = YES;
				CLANG_WARN_BOOL_CONVERSION = YES;
				CLANG_WARN_CONSTANT_CONVERSION = YES;
				CLANG_WARN_DIRECT_OBJC_ISA_USAGE = YES_ERROR;
				CLANG_WARN_DOCUMENTATION_COMMENTS = YES;
				CLANG_WARN_EMPTY_BODY = YES;
				CLANG_WARN_ENUM_CONVERSION = YES;
				CLANG_WARN_INFINITE_RECURSION = YES;
				CLANG_WARN_INT_CONVERSION = YES;
				CLANG_WARN_OBJC_ROOT_CLASS = YES_ERROR;
				CLANG_WARN_SUSPICIOUS_MOVES = YES;
				CLANG_WARN_UNREACHABLE_CODE = YES;
				CLANG_WARN__DUPLICATE_METHOD_MATCH = YES;
				"CODE_SIGN_IDENTITY[sdk=iphoneos*]" = "iPhone Developer";
				COPY_PHASE_STRIP = NO;
				DEBUG_INFORMATION_FORMAT = "dwarf-with-dsym";
				ENABLE_NS_ASSERTIONS = NO;
				ENABLE_STRICT_OBJC_MSGSEND = YES;
				GCC_C_LANGUAGE_STANDARD = gnu99;
				GCC_NO_COMMON_BLOCKS = YES;
				GCC_WARN_64_TO_32_BIT_CONVERSION = YES;
				GCC_WARN_ABOUT_RETURN_TYPE = YES_ERROR;
				GCC_WARN_UNDECLARED_SELECTOR = YES;
				GCC_WARN_UNINITIALIZED_AUTOS = YES_AGGRESSIVE;
				GCC_WARN_UNUSED_FUNCTION = YES;
				GCC_WARN_UNUSED_VARIABLE = YES;
				IPHONEOS_DEPLOYMENT_TARGET = 10.0;
				MTL_ENABLE_DEBUG_INFO = NO;
				SDKROOT = iphoneos;
				TARGETED_DEVICE_FAMILY = "1,2";
				VALIDATE_PRODUCT = YES;
			};
			name = Release;
		};
		FEC455821D9D3E73001834B4 /* Debug */ = {
			isa = XCBuildConfiguration;
			buildSettings = {
				ASSETCATALOG_COMPILER_APPICON_NAME = AppIcon;
				INFOPLIST_FILE = WeChat/Info.plist;
				LD_RUNPATH_SEARCH_PATHS = "$(inherited) @executable_path/Frameworks";
				PRODUCT_BUNDLE_IDENTIFIER = cn.liyuzhe.WeChat;
				PRODUCT_NAME = "$(TARGET_NAME)";
			};
			name = Debug;
		};
		FEC455831D9D3E73001834B4 /* Release */ = {
			isa = XCBuildConfiguration;
			buildSettings = {
				ASSETCATALOG_COMPILER_APPICON_NAME = AppIcon;
				INFOPLIST_FILE = WeChat/Info.plist;
				LD_RUNPATH_SEARCH_PATHS = "$(inherited) @executable_path/Frameworks";
				PRODUCT_BUNDLE_IDENTIFIER = cn.liyuzhe.WeChat;
				PRODUCT_NAME = "$(TARGET_NAME)";
			};
			name = Release;
		};
/* End XCBuildConfiguration section */

/* Begin XCConfigurationList section */
		FEC455651D9D3E73001834B4 /* Build configuration list for PBXProject "WeChat" */ = {
			isa = XCConfigurationList;
			buildConfigurations = (
				FEC4557F1D9D3E73001834B4 /* Debug */,
				FEC455801D9D3E73001834B4 /* Release */,
			);
			defaultConfigurationIsVisible = 0;
			defaultConfigurationName = Release;
		};
		FEC455811D9D3E73001834B4 /* Build configuration list for PBXNativeTarget "WeChat" */ = {
			isa = XCConfigurationList;
			buildConfigurations = (
				FEC455821D9D3E73001834B4 /* Debug */,
				FEC455831D9D3E73001834B4 /* Release */,
			);
			defaultConfigurationIsVisible = 0;
		};
/* End XCConfigurationList section */
	};
	rootObject = FEC455621D9D3E73001834B4 /* Project object */;
}
